PODS:
  - FlutterMacOS (1.0.0)
  - full_package (0.0.1):
    - FlutterMacOS

DEPENDENCIES:
  - FlutterMacOS (from `Flutter/ephemeral`)
  - full_package (from `Flutter/ephemeral/.symlinks/plugins/full_package/macos`)

EXTERNAL SOURCES:
  FlutterMacOS:
    :path: Flutter/ephemeral
  full_package:
    :path: Flutter/ephemeral/.symlinks/plugins/full_package/macos

SPEC CHECKSUMS:
  FlutterMacOS: 8f6f14fa908a6fb3fba0cd85dbd81ec4b251fb24
  full_package: 0e82104f34560716ca43c2bae83559fe0620488d

PODFILE CHECKSUM: 353c8bcc5d5b0994e508d035b5431cfe18c1dea7

COCOAPODS: 1.11.3
